
Microsoft Visual Studio Solution File, Format Version 12.00
# Visual Studio Version 17
VisualStudioVersion = 17.1.32319.34
MinimumVisualStudioVersion = 10.0.40219.1
Project("{FAE04EC0-301F-11D3-BF4B-00C04F79EFBC}") = "Task3", "Task3.csproj", "{16DE9DBF-54A5-4513-A055-F68BFB226DCC}"
EndProject
Global
	GlobalSection(SolutionConfigurationPlatforms) = preSolution
		Debug|Any CPU = Debug|Any CPU
		Release|Any CPU = Release|Any CPU
	EndGlobalSection
	GlobalSection(ProjectConfigurationPlatforms) = postSolution
		{16DE9DBF-54A5-4513-A055-F68BFB226DCC}.Debug|Any CPU.ActiveCfg = Debug|Any CPU
		{16DE9DBF-54A5-4513-A055-F68BFB226DCC}.Debug|Any CPU.Build.0 = Debug|Any CPU
		{16DE9DBF-54A5-4513-A055-F68BFB226DCC}.Release|Any CPU.ActiveCfg = Release|Any CPU
		{16DE9DBF-54A5-4513-A055-F68BFB226DCC}.Release|Any CPU.Build.0 = Release|Any CPU
	EndGlobalSection
	GlobalSection(SolutionProperties) = preSolution
		HideSolutionNode = FALSE
	EndGlobalSection
	GlobalSection(ExtensibilityGlobals) = postSolution
		SolutionGuid = {620D1EF5-7040-4635-8CB7-07E2FC2D15AD}
	EndGlobalSection
EndGlobal
