
Microsoft Visual Studio Solution File, Format Version 12.00
# Visual Studio Version 17
VisualStudioVersion = 17.1.32319.34
MinimumVisualStudioVersion = 10.0.40219.1
Project("{FAE04EC0-301F-11D3-BF4B-00C04F79EFBC}") = "Task12_zoo", "Task12_zoo.csproj", "{4232F721-8657-4B0A-BC99-FDA114160946}"
EndProject
Global
	GlobalSection(SolutionConfigurationPlatforms) = preSolution
		Debug|Any CPU = Debug|Any CPU
		Release|Any CPU = Release|Any CPU
	EndGlobalSection
	GlobalSection(ProjectConfigurationPlatforms) = postSolution
		{4232F721-8657-4B0A-BC99-FDA114160946}.Debug|Any CPU.ActiveCfg = Debug|Any CPU
		{4232F721-8657-4B0A-BC99-FDA114160946}.Debug|Any CPU.Build.0 = Debug|Any CPU
		{4232F721-8657-4B0A-BC99-FDA114160946}.Release|Any CPU.ActiveCfg = Release|Any CPU
		{4232F721-8657-4B0A-BC99-FDA114160946}.Release|Any CPU.Build.0 = Release|Any CPU
	EndGlobalSection
	GlobalSection(SolutionProperties) = preSolution
		HideSolutionNode = FALSE
	EndGlobalSection
	GlobalSection(ExtensibilityGlobals) = postSolution
		SolutionGuid = {B532C7F2-F264-4214-B174-7E94F90D32FF}
	EndGlobalSection
EndGlobal
