
Microsoft Visual Studio Solution File, Format Version 12.00
# Visual Studio Version 17
VisualStudioVersion = 17.1.32319.34
MinimumVisualStudioVersion = 10.0.40219.1
Project("{FAE04EC0-301F-11D3-BF4B-00C04F79EFBC}") = "Task3", "Task3.csproj", "{003768E8-5924-472E-B14B-39EDB2E3F127}"
EndProject
Global
	GlobalSection(SolutionConfigurationPlatforms) = preSolution
		Debug|Any CPU = Debug|Any CPU
		Release|Any CPU = Release|Any CPU
	EndGlobalSection
	GlobalSection(ProjectConfigurationPlatforms) = postSolution
		{003768E8-5924-472E-B14B-39EDB2E3F127}.Debug|Any CPU.ActiveCfg = Debug|Any CPU
		{003768E8-5924-472E-B14B-39EDB2E3F127}.Debug|Any CPU.Build.0 = Debug|Any CPU
		{003768E8-5924-472E-B14B-39EDB2E3F127}.Release|Any CPU.ActiveCfg = Release|Any CPU
		{003768E8-5924-472E-B14B-39EDB2E3F127}.Release|Any CPU.Build.0 = Release|Any CPU
	EndGlobalSection
	GlobalSection(SolutionProperties) = preSolution
		HideSolutionNode = FALSE
	EndGlobalSection
	GlobalSection(ExtensibilityGlobals) = postSolution
		SolutionGuid = {A93D14C3-6E1E-461D-B9E4-48716391902D}
	EndGlobalSection
EndGlobal
