
Microsoft Visual Studio Solution File, Format Version 12.00
# Visual Studio Version 17
VisualStudioVersion = 17.1.32319.34
MinimumVisualStudioVersion = 10.0.40219.1
Project("{FAE04EC0-301F-11D3-BF4B-00C04F79EFBC}") = "Task7", "Task7.csproj", "{AEBC5379-1DCE-4D45-A13A-BD3B63BFF620}"
EndProject
Global
	GlobalSection(SolutionConfigurationPlatforms) = preSolution
		Debug|Any CPU = Debug|Any CPU
		Release|Any CPU = Release|Any CPU
	EndGlobalSection
	GlobalSection(ProjectConfigurationPlatforms) = postSolution
		{AEBC5379-1DCE-4D45-A13A-BD3B63BFF620}.Debug|Any CPU.ActiveCfg = Debug|Any CPU
		{AEBC5379-1DCE-4D45-A13A-BD3B63BFF620}.Debug|Any CPU.Build.0 = Debug|Any CPU
		{AEBC5379-1DCE-4D45-A13A-BD3B63BFF620}.Release|Any CPU.ActiveCfg = Release|Any CPU
		{AEBC5379-1DCE-4D45-A13A-BD3B63BFF620}.Release|Any CPU.Build.0 = Release|Any CPU
	EndGlobalSection
	GlobalSection(SolutionProperties) = preSolution
		HideSolutionNode = FALSE
	EndGlobalSection
	GlobalSection(ExtensibilityGlobals) = postSolution
		SolutionGuid = {0F894FF4-F110-4F1E-9D7B-BD004ABE1CA1}
	EndGlobalSection
EndGlobal
