
Microsoft Visual Studio Solution File, Format Version 12.00
# Visual Studio Version 17
VisualStudioVersion = 17.1.32319.34
MinimumVisualStudioVersion = 10.0.40219.1
Project("{FAE04EC0-301F-11D3-BF4B-00C04F79EFBC}") = "Task9 (supermarket)", "Task9 (supermarket).csproj", "{2303F652-7CDB-493E-B1DA-8F0C56AD251C}"
EndProject
Global
	GlobalSection(SolutionConfigurationPlatforms) = preSolution
		Debug|Any CPU = Debug|Any CPU
		Release|Any CPU = Release|Any CPU
	EndGlobalSection
	GlobalSection(ProjectConfigurationPlatforms) = postSolution
		{2303F652-7CDB-493E-B1DA-8F0C56AD251C}.Debug|Any CPU.ActiveCfg = Debug|Any CPU
		{2303F652-7CDB-493E-B1DA-8F0C56AD251C}.Debug|Any CPU.Build.0 = Debug|Any CPU
		{2303F652-7CDB-493E-B1DA-8F0C56AD251C}.Release|Any CPU.ActiveCfg = Release|Any CPU
		{2303F652-7CDB-493E-B1DA-8F0C56AD251C}.Release|Any CPU.Build.0 = Release|Any CPU
	EndGlobalSection
	GlobalSection(SolutionProperties) = preSolution
		HideSolutionNode = FALSE
	EndGlobalSection
	GlobalSection(ExtensibilityGlobals) = postSolution
		SolutionGuid = {0A319ABE-D186-457A-BEFF-0A9E944A7774}
	EndGlobalSection
EndGlobal
