
Microsoft Visual Studio Solution File, Format Version 12.00
# Visual Studio Version 17
VisualStudioVersion = 17.1.32319.34
MinimumVisualStudioVersion = 10.0.40219.1
Project("{FAE04EC0-301F-11D3-BF4B-00C04F79EFBC}") = "Task4", "Task4.csproj", "{E0FAE73A-5A44-483C-965C-893BFDA077E9}"
EndProject
Global
	GlobalSection(SolutionConfigurationPlatforms) = preSolution
		Debug|Any CPU = Debug|Any CPU
		Release|Any CPU = Release|Any CPU
	EndGlobalSection
	GlobalSection(ProjectConfigurationPlatforms) = postSolution
		{E0FAE73A-5A44-483C-965C-893BFDA077E9}.Debug|Any CPU.ActiveCfg = Debug|Any CPU
		{E0FAE73A-5A44-483C-965C-893BFDA077E9}.Debug|Any CPU.Build.0 = Debug|Any CPU
		{E0FAE73A-5A44-483C-965C-893BFDA077E9}.Release|Any CPU.ActiveCfg = Release|Any CPU
		{E0FAE73A-5A44-483C-965C-893BFDA077E9}.Release|Any CPU.Build.0 = Release|Any CPU
	EndGlobalSection
	GlobalSection(SolutionProperties) = preSolution
		HideSolutionNode = FALSE
	EndGlobalSection
	GlobalSection(ExtensibilityGlobals) = postSolution
		SolutionGuid = {32ABB7F5-C6B0-40DD-A15D-B6FC2FFB74BE}
	EndGlobalSection
EndGlobal
