
Microsoft Visual Studio Solution File, Format Version 12.00
# Visual Studio Version 17
VisualStudioVersion = 17.1.32319.34
MinimumVisualStudioVersion = 10.0.40219.1
Project("{FAE04EC0-301F-11D3-BF4B-00C04F79EFBC}") = "Tasl1", "Tasl1.csproj", "{D9D67232-DCE4-46AE-9507-8E9B9210907D}"
EndProject
Global
	GlobalSection(SolutionConfigurationPlatforms) = preSolution
		Debug|Any CPU = Debug|Any CPU
		Release|Any CPU = Release|Any CPU
	EndGlobalSection
	GlobalSection(ProjectConfigurationPlatforms) = postSolution
		{D9D67232-DCE4-46AE-9507-8E9B9210907D}.Debug|Any CPU.ActiveCfg = Debug|Any CPU
		{D9D67232-DCE4-46AE-9507-8E9B9210907D}.Debug|Any CPU.Build.0 = Debug|Any CPU
		{D9D67232-DCE4-46AE-9507-8E9B9210907D}.Release|Any CPU.ActiveCfg = Release|Any CPU
		{D9D67232-DCE4-46AE-9507-8E9B9210907D}.Release|Any CPU.Build.0 = Release|Any CPU
	EndGlobalSection
	GlobalSection(SolutionProperties) = preSolution
		HideSolutionNode = FALSE
	EndGlobalSection
	GlobalSection(ExtensibilityGlobals) = postSolution
		SolutionGuid = {76B628A4-1FF5-43AC-858A-C2E3350E6210}
	EndGlobalSection
EndGlobal
