
Microsoft Visual Studio Solution File, Format Version 12.00
# Visual Studio Version 17
VisualStudioVersion = 17.1.32319.34
MinimumVisualStudioVersion = 10.0.40219.1
Project("{FAE04EC0-301F-11D3-BF4B-00C04F79EFBC}") = "Task10 war", "Task10 war.csproj", "{4410C67E-6714-4B83-B822-0BDDCC7DBB8D}"
EndProject
Global
	GlobalSection(SolutionConfigurationPlatforms) = preSolution
		Debug|Any CPU = Debug|Any CPU
		Release|Any CPU = Release|Any CPU
	EndGlobalSection
	GlobalSection(ProjectConfigurationPlatforms) = postSolution
		{4410C67E-6714-4B83-B822-0BDDCC7DBB8D}.Debug|Any CPU.ActiveCfg = Debug|Any CPU
		{4410C67E-6714-4B83-B822-0BDDCC7DBB8D}.Debug|Any CPU.Build.0 = Debug|Any CPU
		{4410C67E-6714-4B83-B822-0BDDCC7DBB8D}.Release|Any CPU.ActiveCfg = Release|Any CPU
		{4410C67E-6714-4B83-B822-0BDDCC7DBB8D}.Release|Any CPU.Build.0 = Release|Any CPU
	EndGlobalSection
	GlobalSection(SolutionProperties) = preSolution
		HideSolutionNode = FALSE
	EndGlobalSection
	GlobalSection(ExtensibilityGlobals) = postSolution
		SolutionGuid = {80AE8641-5A28-485E-8F29-5E35E58FE376}
	EndGlobalSection
EndGlobal
